{
    "_readme": [
        "This file locks the dependencies of your project to a known state",
        "Read more about it at https://getcomposer.org/doc/01-basic-usage.md#installing-dependencies",
        "This file is @generated automatically"
    ],
    "content-hash": "4d0893a4ceede473d3e22d2e67dc08f5",
    "packages": [
        {
            "name": "phplrt/ast",
            "version": "dev-master",
            "source": {
                "type": "git",
                "url": "https://github.com/phplrt/ast.git",
                "reference": "05b43ecdb1d2034041e8710728dfce9e4cfd454e"
            },
            "dist": {
                "type": "zip",
                "url": "https://api.github.com/repos/phplrt/ast/zipball/05b43ecdb1d2034041e8710728dfce9e4cfd454e",
                "reference": "05b43ecdb1d2034041e8710728dfce9e4cfd454e",
                "shasum": ""
            },
            "require": {
                "php": ">=7.1.3",
                "phplrt/ast-contracts": "2.0.*|2.0.x-dev"
            },
            "provide": {
                "phplrt/ast-contracts-implementation": "2.0.0"
            },
            "type": "library",
            "extra": {
                "branch-alias": {
                    "dev-master": "2.0.x-dev"
                }
            },
            "autoload": {
                "psr-4": {
                    "Phplrt\\Ast\\": ""
                }
            },
            "notification-url": "https://packagist.org/downloads/",
            "license": [
                "MIT"
            ],
            "authors": [
                {
                    "name": "Kirill Nesmeyanov",
                    "email": "nesk@xakep.ru"
                }
            ],
            "description": "The phplrt abstract syntax tree package.",
            "homepage": "https://github.com/phplrt",
            "keywords": [
                "ast",
                "tree"
            ],
            "time": "2019-07-31T08:02:27+00:00"
        },
        {
            "name": "phplrt/ast-contracts",
            "version": "2.0.0",
            "source": {
                "type": "git",
                "url": "https://github.com/phplrt/ast-contracts.git",
                "reference": "1c3f81111e71a67072aa1e4e4233488e39e1501c"
            },
            "dist": {
                "type": "zip",
                "url": "https://api.github.com/repos/phplrt/ast-contracts/zipball/1c3f81111e71a67072aa1e4e4233488e39e1501c",
                "reference": "1c3f81111e71a67072aa1e4e4233488e39e1501c",
                "shasum": ""
            },
            "require": {
                "php": ">=7.1.3"
            },
            "type": "library",
            "extra": {
                "branch-alias": {
                    "dev-master": "2.0.x-dev"
                }
            },
            "autoload": {
                "psr-4": {
                    "Phplrt\\Contracts\\Ast\\": "src/"
                }
            },
            "notification-url": "https://packagist.org/downloads/",
            "license": [
                "MIT"
            ],
            "authors": [
                {
                    "name": "Kirill Nesmeyanov",
                    "email": "nesk@xakep.ru"
                }
            ],
            "description": "A set of phplrt ast abstractions",
            "homepage": "https://github.com/phplrt",
            "keywords": [
                "abstractions",
                "ast",
                "contracts",
                "decoupling",
                "interfaces",
                "interoperability",
                "standards",
                "tree"
            ],
            "time": "2019-07-30T14:05:16+00:00"
        },
        {
            "name": "phplrt/exception",
            "version": "2.0.0",
            "source": {
                "type": "git",
                "url": "https://github.com/phplrt/exception.git",
                "reference": "ae5f401e59943886628a2f9edb9a30dbd0546c61"
            },
            "dist": {
                "type": "zip",
                "url": "https://api.github.com/repos/phplrt/exception/zipball/ae5f401e59943886628a2f9edb9a30dbd0546c61",
                "reference": "ae5f401e59943886628a2f9edb9a30dbd0546c61",
                "shasum": ""
            },
            "require": {
                "php": ">=7.1.3",
                "phplrt/exception-contracts": "~2.0|2.0.x-dev",
                "phplrt/position": "~2.0|2.0.x-dev",
                "phplrt/source": "~2.0|2.0.x-dev"
            },
            "provide": {
                "phplrt/exception-contracts-implementation": "2.0.0"
            },
            "type": "library",
            "extra": {
                "branch-alias": {
                    "dev-master": "2.0.x-dev"
                }
            },
            "autoload": {
                "psr-4": {
                    "Phplrt\\Exception\\": ""
                }
            },
            "notification-url": "https://packagist.org/downloads/",
            "license": [
                "MIT"
            ],
            "authors": [
                {
                    "name": "Kirill Nesmeyanov",
                    "email": "nesk@xakep.ru"
                }
            ],
            "description": "The phplrt Exception package.",
            "homepage": "https://github.com/phplrt",
            "keywords": [
                "exception",
                "formatting"
            ],
            "time": "2019-08-06T15:14:16+00:00"
        },
        {
            "name": "phplrt/exception-contracts",
            "version": "2.0.0",
            "source": {
                "type": "git",
                "url": "https://github.com/phplrt/exception-contracts.git",
                "reference": "cf0a5302bd622c83dec05a14438a8f4993ecee6f"
            },
            "dist": {
                "type": "zip",
                "url": "https://api.github.com/repos/phplrt/exception-contracts/zipball/cf0a5302bd622c83dec05a14438a8f4993ecee6f",
                "reference": "cf0a5302bd622c83dec05a14438a8f4993ecee6f",
                "shasum": ""
            },
            "require": {
                "php": ">=7.1.3",
                "phplrt/source-contracts": "~2.0|2.0.x-dev"
            },
            "type": "library",
            "extra": {
                "branch-alias": {
                    "dev-master": "2.0.x-dev"
                }
            },
            "autoload": {
                "psr-4": {
                    "Phplrt\\Contracts\\Exception\\": "src/"
                }
            },
            "notification-url": "https://packagist.org/downloads/",
            "license": [
                "MIT"
            ],
            "authors": [
                {
                    "name": "Kirill Nesmeyanov",
                    "email": "nesk@xakep.ru"
                }
            ],
            "description": "A set of phplrt exceptions abstractions",
            "homepage": "https://github.com/phplrt",
            "keywords": [
                "abstractions",
                "contracts",
                "decoupling",
                "exception",
                "formatting",
                "interfaces",
                "interoperability",
                "standards"
            ],
            "time": "2019-07-30T09:58:10+00:00"
        },
        {
            "name": "phplrt/lexer",
            "version": "2.0.1",
            "source": {
                "type": "git",
                "url": "https://github.com/phplrt/lexer.git",
                "reference": "8848c0bceb5b46c8b122b595ec04695d60ab0472"
            },
            "dist": {
                "type": "zip",
                "url": "https://api.github.com/repos/phplrt/lexer/zipball/8848c0bceb5b46c8b122b595ec04695d60ab0472",
                "reference": "8848c0bceb5b46c8b122b595ec04695d60ab0472",
                "shasum": ""
            },
            "require": {
                "ext-mbstring": "*",
                "ext-pcre": "*",
                "ext-spl": "*",
                "php": ">=7.1.3",
                "phplrt/exception": "~2.0|2.0.x-dev",
                "phplrt/lexer-contracts": "~2.0|2.0.x-dev",
                "phplrt/source": "~2.0|2.0.x-dev",
                "symfony/polyfill-php73": "~1.0"
            },
            "provide": {
                "phplrt/lexer-contracts-implementation": "2.0.0"
            },
            "require-dev": {
                "monolog/monolog": "~1.24",
                "symfony/var-dumper": "~4.3"
            },
            "type": "library",
            "extra": {
                "branch-alias": {
                    "dev-master": "2.0.x-dev"
                }
            },
            "autoload": {
                "psr-4": {
                    "Phplrt\\Lexer\\": "./"
                }
            },
            "notification-url": "https://packagist.org/downloads/",
            "license": [
                "MIT"
            ],
            "authors": [
                {
                    "name": "Kirill Nesmeyanov",
                    "email": "nesk@xakep.ru"
                }
            ],
            "description": "The phplrt Lexer package.",
            "homepage": "https://github.com/phplrt",
            "keywords": [
                "lexer",
                "parsing",
                "regex",
                "stream",
                "token",
                "tokenizer"
            ],
            "time": "2019-08-08T13:17:34+00:00"
        },
        {
            "name": "phplrt/lexer-contracts",
            "version": "2.0.0",
            "source": {
                "type": "git",
                "url": "https://github.com/phplrt/lexer-contracts.git",
                "reference": "e4f162d826337277d582e8ca618b5b798991a9c2"
            },
            "dist": {
                "type": "zip",
                "url": "https://api.github.com/repos/phplrt/lexer-contracts/zipball/e4f162d826337277d582e8ca618b5b798991a9c2",
                "reference": "e4f162d826337277d582e8ca618b5b798991a9c2",
                "shasum": ""
            },
            "require": {
                "php": ">=7.1.3",
                "phplrt/exception-contracts": "~2.0|2.0.x-dev",
                "phplrt/source-contracts": "~2.0|2.0.x-dev"
            },
            "type": "library",
            "extra": {
                "branch-alias": {
                    "dev-master": "2.0.x-dev"
                }
            },
            "autoload": {
                "psr-4": {
                    "Phplrt\\Contracts\\Lexer\\": "src/"
                }
            },
            "notification-url": "https://packagist.org/downloads/",
            "license": [
                "MIT"
            ],
            "authors": [
                {
                    "name": "Kirill Nesmeyanov",
                    "email": "nesk@xakep.ru"
                }
            ],
            "description": "A set of phplrt lexer abstractions",
            "homepage": "https://github.com/phplrt",
            "keywords": [
                "abstractions",
                "contracts",
                "decoupling",
                "interfaces",
                "interoperability",
                "lexer",
                "parsing",
                "regex",
                "standards",
                "stream",
                "token",
                "tokenizer"
            ],
            "time": "2019-08-06T16:19:50+00:00"
        },
        {
            "name": "phplrt/parser",
            "version": "dev-master",
            "source": {
                "type": "git",
                "url": "https://github.com/phplrt/parser.git",
                "reference": "a543cc8ae798c1c69d6e99a810856252a8a2235b"
            },
            "dist": {
                "type": "zip",
                "url": "https://api.github.com/repos/phplrt/parser/zipball/a543cc8ae798c1c69d6e99a810856252a8a2235b",
                "reference": "a543cc8ae798c1c69d6e99a810856252a8a2235b",
                "shasum": ""
            },
            "require": {
                "php": ">=7.1.3",
                "phplrt/ast-contracts": "~2.0|2.0.x-dev",
                "phplrt/exception": "~2.0|2.0.x-dev",
                "phplrt/lexer-contracts": "~2.0|2.0.x-dev",
                "phplrt/parser-contracts": "~2.0|2.0.x-dev",
                "phplrt/source-contracts": "~2.0|2.0.x-dev",
                "symfony/polyfill-php73": "~1.12"
            },
            "provide": {
                "phplrt/parser-contracts-implementation": "2.0.0"
            },
            "require-dev": {
                "phplrt/compiler": "~2.0|2.0.x-dev",
                "phplrt/visitor": "~2.0|2.0.x-dev",
                "symfony/var-dumper": "~4.0"
            },
            "type": "library",
            "extra": {
                "branch-alias": {
                    "dev-master": "2.0.x-dev"
                }
            },
            "autoload": {
                "psr-4": {
                    "Phplrt\\Parser\\": ""
                }
            },
            "notification-url": "https://packagist.org/downloads/",
            "license": [
                "MIT"
            ],
            "authors": [
                {
                    "name": "Kirill Nesmeyanov",
                    "email": "nesk@xakep.ru"
                }
            ],
            "description": "The phplrt Parser package.",
            "homepage": "https://github.com/phplrt",
            "keywords": [
                "language",
                "ll1",
                "llk",
                "lr",
                "parser",
                "php",
                "slr"
            ],
            "time": "2019-08-16T16:15:29+00:00"
        },
        {
            "name": "phplrt/parser-contracts",
            "version": "2.0.0",
            "source": {
                "type": "git",
                "url": "https://github.com/phplrt/parser-contracts.git",
                "reference": "86aa67b542443bf154f22d2c6fe5356b142a7e2c"
            },
            "dist": {
                "type": "zip",
                "url": "https://api.github.com/repos/phplrt/parser-contracts/zipball/86aa67b542443bf154f22d2c6fe5356b142a7e2c",
                "reference": "86aa67b542443bf154f22d2c6fe5356b142a7e2c",
                "shasum": ""
            },
            "require": {
                "php": ">=7.1.3",
                "phplrt/ast-contracts": "~2.0|2.0.x-dev",
                "phplrt/exception-contracts": "~2.0|2.0.x-dev",
                "phplrt/lexer-contracts": "~2.0|2.0.x-dev",
                "phplrt/source-contracts": "~2.0|2.0.x-dev"
            },
            "type": "library",
            "extra": {
                "branch-alias": {
                    "dev-master": "2.0.x-dev"
                }
            },
            "autoload": {
                "psr-4": {
                    "Phplrt\\Contracts\\Parser\\": "src/"
                }
            },
            "notification-url": "https://packagist.org/downloads/",
            "license": [
                "MIT"
            ],
            "authors": [
                {
                    "name": "Kirill Nesmeyanov",
                    "email": "nesk@xakep.ru"
                }
            ],
            "description": "A set of phplrt parser abstractions",
            "homepage": "https://github.com/phplrt",
            "keywords": [
                "abstractions",
                "contracts",
                "decoupling",
                "interfaces",
                "interoperability",
                "language",
                "ll1",
                "llk",
                "lr",
                "parser",
                "php",
                "slr",
                "standards"
            ],
            "time": "2019-08-14T23:00:26+00:00"
        },
        {
            "name": "phplrt/position",
            "version": "2.0.0",
            "source": {
                "type": "git",
                "url": "https://github.com/phplrt/position.git",
                "reference": "074f57e127dcdfd779e2912800ab498d6d00fb03"
            },
            "dist": {
                "type": "zip",
                "url": "https://api.github.com/repos/phplrt/position/zipball/074f57e127dcdfd779e2912800ab498d6d00fb03",
                "reference": "074f57e127dcdfd779e2912800ab498d6d00fb03",
                "shasum": ""
            },
            "require": {
                "php": ">=7.1.3"
            },
            "type": "library",
            "extra": {
                "branch-alias": {
                    "dev-master": "2.0.x-dev"
                }
            },
            "autoload": {
                "psr-4": {
                    "Phplrt\\Position\\": ""
                }
            },
            "notification-url": "https://packagist.org/downloads/",
            "license": [
                "MIT"
            ],
            "authors": [
                {
                    "name": "Kirill Nesmeyanov",
                    "email": "nesk@xakep.ru"
                }
            ],
            "description": "The phplrt Position package.",
            "homepage": "https://github.com/phplrt",
            "keywords": [
                "analyzing",
                "column",
                "input",
                "line",
                "offset",
                "position",
                "utils",
                "visualization"
            ],
            "time": "2019-07-31T08:12:44+00:00"
        },
        {
            "name": "phplrt/source",
            "version": "2.0.0",
            "source": {
                "type": "git",
                "url": "https://github.com/phplrt/source.git",
                "reference": "e2d210297e1f367a0c23241e9dd9d84f27903631"
            },
            "dist": {
                "type": "zip",
                "url": "https://api.github.com/repos/phplrt/source/zipball/e2d210297e1f367a0c23241e9dd9d84f27903631",
                "reference": "e2d210297e1f367a0c23241e9dd9d84f27903631",
                "shasum": ""
            },
            "require": {
                "php": ">=7.1.3",
                "phplrt/source-contracts": "~2.0|2.0.x-dev"
            },
            "provide": {
                "phplrt/source-contracts-implementation": "2.0.0"
            },
            "require-dev": {
                "psr/http-message": "~1.0"
            },
            "type": "library",
            "extra": {
                "branch-alias": {
                    "dev-master": "2.0.x-dev"
                }
            },
            "autoload": {
                "psr-4": {
                    "Phplrt\\Source\\": ""
                }
            },
            "notification-url": "https://packagist.org/downloads/",
            "license": [
                "MIT"
            ],
            "authors": [
                {
                    "name": "Kirill Nesmeyanov",
                    "email": "nesk@xakep.ru"
                }
            ],
            "description": "The phplrt sources package.",
            "homepage": "https://github.com/phplrt",
            "keywords": [
                "abstraction",
                "directory",
                "file",
                "file system",
                "fs",
                "reader"
            ],
            "time": "2019-07-31T08:02:53+00:00"
        },
        {
            "name": "phplrt/source-contracts",
            "version": "2.0.0",
            "source": {
                "type": "git",
                "url": "https://github.com/phplrt/source-contracts.git",
                "reference": "f9bbdef2ddcbc5b90cee22f67da6fbd5acaee2e8"
            },
            "dist": {
                "type": "zip",
                "url": "https://api.github.com/repos/phplrt/source-contracts/zipball/f9bbdef2ddcbc5b90cee22f67da6fbd5acaee2e8",
                "reference": "f9bbdef2ddcbc5b90cee22f67da6fbd5acaee2e8",
                "shasum": ""
            },
            "require": {
                "php": ">=7.1.3"
            },
            "type": "library",
            "extra": {
                "branch-alias": {
                    "dev-master": "2.0.x-dev"
                }
            },
            "autoload": {
                "psr-4": {
                    "Phplrt\\Contracts\\Source\\": "src/"
                }
            },
            "notification-url": "https://packagist.org/downloads/",
            "license": [
                "MIT"
            ],
            "authors": [
                {
                    "name": "Kirill Nesmeyanov",
                    "email": "nesk@xakep.ru"
                }
            ],
            "description": "A set of phplrt source data abstractions",
            "homepage": "https://github.com/phplrt",
            "keywords": [
                "abstraction",
                "abstractions",
                "contracts",
                "decoupling",
                "directory",
                "file",
                "file system",
                "fs",
                "interfaces",
                "interoperability",
                "reader",
                "standards"
            ],
            "time": "2019-07-30T07:06:30+00:00"
        },
        {
            "name": "psr/container",
            "version": "1.0.0",
            "source": {
                "type": "git",
                "url": "https://github.com/php-fig/container.git",
                "reference": "b7ce3b176482dbbc1245ebf52b181af44c2cf55f"
            },
            "dist": {
                "type": "zip",
                "url": "https://api.github.com/repos/php-fig/container/zipball/b7ce3b176482dbbc1245ebf52b181af44c2cf55f",
                "reference": "b7ce3b176482dbbc1245ebf52b181af44c2cf55f",
                "shasum": ""
            },
            "require": {
                "php": ">=5.3.0"
            },
            "type": "library",
            "extra": {
                "branch-alias": {
                    "dev-master": "1.0.x-dev"
                }
            },
            "autoload": {
                "psr-4": {
                    "Psr\\Container\\": "src/"
                }
            },
            "notification-url": "https://packagist.org/downloads/",
            "license": [
                "MIT"
            ],
            "authors": [
                {
                    "name": "PHP-FIG",
                    "homepage": "http://www.php-fig.org/"
                }
            ],
            "description": "Common Container Interface (PHP FIG PSR-11)",
            "homepage": "https://github.com/php-fig/container",
            "keywords": [
                "PSR-11",
                "container",
                "container-interface",
                "container-interop",
                "psr"
            ],
            "time": "2017-02-14T16:28:37+00:00"
        },
        {
            "name": "symfony/console",
            "version": "v4.3.3",
            "source": {
                "type": "git",
                "url": "https://github.com/symfony/console.git",
                "reference": "8b0ae5742ce9aaa8b0075665862c1ca397d1c1d9"
            },
            "dist": {
                "type": "zip",
                "url": "https://api.github.com/repos/symfony/console/zipball/8b0ae5742ce9aaa8b0075665862c1ca397d1c1d9",
                "reference": "8b0ae5742ce9aaa8b0075665862c1ca397d1c1d9",
                "shasum": ""
            },
            "require": {
                "php": "^7.1.3",
                "symfony/polyfill-mbstring": "~1.0",
                "symfony/polyfill-php73": "^1.8",
                "symfony/service-contracts": "^1.1"
            },
            "conflict": {
                "symfony/dependency-injection": "<3.4",
                "symfony/event-dispatcher": "<4.3",
                "symfony/process": "<3.3"
            },
            "provide": {
                "psr/log-implementation": "1.0"
            },
            "require-dev": {
                "psr/log": "~1.0",
                "symfony/config": "~3.4|~4.0",
                "symfony/dependency-injection": "~3.4|~4.0",
                "symfony/event-dispatcher": "^4.3",
                "symfony/lock": "~3.4|~4.0",
                "symfony/process": "~3.4|~4.0",
                "symfony/var-dumper": "^4.3"
            },
            "suggest": {
                "psr/log": "For using the console logger",
                "symfony/event-dispatcher": "",
                "symfony/lock": "",
                "symfony/process": ""
            },
            "type": "library",
            "extra": {
                "branch-alias": {
                    "dev-master": "4.3-dev"
                }
            },
            "autoload": {
                "psr-4": {
                    "Symfony\\Component\\Console\\": ""
                },
                "exclude-from-classmap": [
                    "/Tests/"
                ]
            },
            "notification-url": "https://packagist.org/downloads/",
            "license": [
                "MIT"
            ],
            "authors": [
                {
                    "name": "Fabien Potencier",
                    "email": "fabien@symfony.com"
                },
                {
                    "name": "Symfony Community",
                    "homepage": "https://symfony.com/contributors"
                }
            ],
            "description": "Symfony Console Component",
            "homepage": "https://symfony.com",
            "time": "2019-07-24T17:13:59+00:00"
        },
        {
            "name": "symfony/polyfill-mbstring",
            "version": "v1.12.0",
            "source": {
                "type": "git",
                "url": "https://github.com/symfony/polyfill-mbstring.git",
                "reference": "b42a2f66e8f1b15ccf25652c3424265923eb4f17"
            },
            "dist": {
                "type": "zip",
                "url": "https://api.github.com/repos/symfony/polyfill-mbstring/zipball/b42a2f66e8f1b15ccf25652c3424265923eb4f17",
                "reference": "b42a2f66e8f1b15ccf25652c3424265923eb4f17",
                "shasum": ""
            },
            "require": {
                "php": ">=5.3.3"
            },
            "suggest": {
                "ext-mbstring": "For best performance"
            },
            "type": "library",
            "extra": {
                "branch-alias": {
                    "dev-master": "1.12-dev"
                }
            },
            "autoload": {
                "psr-4": {
                    "Symfony\\Polyfill\\Mbstring\\": ""
                },
                "files": [
                    "bootstrap.php"
                ]
            },
            "notification-url": "https://packagist.org/downloads/",
            "license": [
                "MIT"
            ],
            "authors": [
                {
                    "name": "Nicolas Grekas",
                    "email": "p@tchwork.com"
                },
                {
                    "name": "Symfony Community",
                    "homepage": "https://symfony.com/contributors"
                }
            ],
            "description": "Symfony polyfill for the Mbstring extension",
            "homepage": "https://symfony.com",
            "keywords": [
                "compatibility",
                "mbstring",
                "polyfill",
                "portable",
                "shim"
            ],
            "time": "2019-08-06T08:03:45+00:00"
        },
        {
            "name": "symfony/polyfill-php73",
            "version": "v1.12.0",
            "source": {
                "type": "git",
                "url": "https://github.com/symfony/polyfill-php73.git",
                "reference": "2ceb49eaccb9352bff54d22570276bb75ba4a188"
            },
            "dist": {
                "type": "zip",
                "url": "https://api.github.com/repos/symfony/polyfill-php73/zipball/2ceb49eaccb9352bff54d22570276bb75ba4a188",
                "reference": "2ceb49eaccb9352bff54d22570276bb75ba4a188",
                "shasum": ""
            },
            "require": {
                "php": ">=5.3.3"
            },
            "type": "library",
            "extra": {
                "branch-alias": {
                    "dev-master": "1.12-dev"
                }
            },
            "autoload": {
                "psr-4": {
                    "Symfony\\Polyfill\\Php73\\": ""
                },
                "files": [
                    "bootstrap.php"
                ],
                "classmap": [
                    "Resources/stubs"
                ]
            },
            "notification-url": "https://packagist.org/downloads/",
            "license": [
                "MIT"
            ],
            "authors": [
                {
                    "name": "Nicolas Grekas",
                    "email": "p@tchwork.com"
                },
                {
                    "name": "Symfony Community",
                    "homepage": "https://symfony.com/contributors"
                }
            ],
            "description": "Symfony polyfill backporting some PHP 7.3+ features to lower PHP versions",
            "homepage": "https://symfony.com",
            "keywords": [
                "compatibility",
                "polyfill",
                "portable",
                "shim"
            ],
            "time": "2019-08-06T08:03:45+00:00"
        },
        {
            "name": "symfony/service-contracts",
            "version": "v1.1.5",
            "source": {
                "type": "git",
                "url": "https://github.com/symfony/service-contracts.git",
                "reference": "f391a00de78ec7ec8cf5cdcdae59ec7b883edb8d"
            },
            "dist": {
                "type": "zip",
                "url": "https://api.github.com/repos/symfony/service-contracts/zipball/f391a00de78ec7ec8cf5cdcdae59ec7b883edb8d",
                "reference": "f391a00de78ec7ec8cf5cdcdae59ec7b883edb8d",
                "shasum": ""
            },
            "require": {
                "php": "^7.1.3",
                "psr/container": "^1.0"
            },
            "suggest": {
                "symfony/service-implementation": ""
            },
            "type": "library",
            "extra": {
                "branch-alias": {
                    "dev-master": "1.1-dev"
                }
            },
            "autoload": {
                "psr-4": {
                    "Symfony\\Contracts\\Service\\": ""
                }
            },
            "notification-url": "https://packagist.org/downloads/",
            "license": [
                "MIT"
            ],
            "authors": [
                {
                    "name": "Nicolas Grekas",
                    "email": "p@tchwork.com"
                },
                {
                    "name": "Symfony Community",
                    "homepage": "https://symfony.com/contributors"
                }
            ],
            "description": "Generic abstractions related to writing services",
            "homepage": "https://symfony.com",
            "keywords": [
                "abstractions",
                "contracts",
                "decoupling",
                "interfaces",
                "interoperability",
                "standards"
            ],
            "time": "2019-06-13T11:15:36+00:00"
        }
    ],
    "packages-dev": [
        {
            "name": "symfony/polyfill-php72",
            "version": "v1.12.0",
            "source": {
                "type": "git",
                "url": "https://github.com/symfony/polyfill-php72.git",
                "reference": "04ce3335667451138df4307d6a9b61565560199e"
            },
            "dist": {
                "type": "zip",
                "url": "https://api.github.com/repos/symfony/polyfill-php72/zipball/04ce3335667451138df4307d6a9b61565560199e",
                "reference": "04ce3335667451138df4307d6a9b61565560199e",
                "shasum": ""
            },
            "require": {
                "php": ">=5.3.3"
            },
            "type": "library",
            "extra": {
                "branch-alias": {
                    "dev-master": "1.12-dev"
                }
            },
            "autoload": {
                "psr-4": {
                    "Symfony\\Polyfill\\Php72\\": ""
                },
                "files": [
                    "bootstrap.php"
                ]
            },
            "notification-url": "https://packagist.org/downloads/",
            "license": [
                "MIT"
            ],
            "authors": [
                {
                    "name": "Nicolas Grekas",
                    "email": "p@tchwork.com"
                },
                {
                    "name": "Symfony Community",
                    "homepage": "https://symfony.com/contributors"
                }
            ],
            "description": "Symfony polyfill backporting some PHP 7.2+ features to lower PHP versions",
            "homepage": "https://symfony.com",
            "keywords": [
                "compatibility",
                "polyfill",
                "portable",
                "shim"
            ],
            "time": "2019-08-06T08:03:45+00:00"
        },
        {
            "name": "symfony/var-dumper",
            "version": "v4.3.3",
            "source": {
                "type": "git",
                "url": "https://github.com/symfony/var-dumper.git",
                "reference": "e4110b992d2cbe198d7d3b244d079c1c58761d07"
            },
            "dist": {
                "type": "zip",
                "url": "https://api.github.com/repos/symfony/var-dumper/zipball/e4110b992d2cbe198d7d3b244d079c1c58761d07",
                "reference": "e4110b992d2cbe198d7d3b244d079c1c58761d07",
                "shasum": ""
            },
            "require": {
                "php": "^7.1.3",
                "symfony/polyfill-mbstring": "~1.0",
                "symfony/polyfill-php72": "~1.5"
            },
            "conflict": {
                "phpunit/phpunit": "<4.8.35|<5.4.3,>=5.0",
                "symfony/console": "<3.4"
            },
            "require-dev": {
                "ext-iconv": "*",
                "symfony/console": "~3.4|~4.0",
                "symfony/process": "~3.4|~4.0",
                "twig/twig": "~1.34|~2.4"
            },
            "suggest": {
                "ext-iconv": "To convert non-UTF-8 strings to UTF-8 (or symfony/polyfill-iconv in case ext-iconv cannot be used).",
                "ext-intl": "To show region name in time zone dump",
                "symfony/console": "To use the ServerDumpCommand and/or the bin/var-dump-server script"
            },
            "bin": [
                "Resources/bin/var-dump-server"
            ],
            "type": "library",
            "extra": {
                "branch-alias": {
                    "dev-master": "4.3-dev"
                }
            },
            "autoload": {
                "files": [
                    "Resources/functions/dump.php"
                ],
                "psr-4": {
                    "Symfony\\Component\\VarDumper\\": ""
                },
                "exclude-from-classmap": [
                    "/Tests/"
                ]
            },
            "notification-url": "https://packagist.org/downloads/",
            "license": [
                "MIT"
            ],
            "authors": [
                {
                    "name": "Nicolas Grekas",
                    "email": "p@tchwork.com"
                },
                {
                    "name": "Symfony Community",
                    "homepage": "https://symfony.com/contributors"
                }
            ],
            "description": "Symfony mechanism for exploring and dumping PHP variables",
            "homepage": "https://symfony.com",
            "keywords": [
                "debug",
                "dump"
            ],
            "time": "2019-07-27T06:42:46+00:00"
        }
    ],
    "aliases": [],
    "minimum-stability": "dev",
    "stability-flags": {
        "phplrt/ast": 20,
        "phplrt/parser": 20,
        "phplrt/lexer": 20
    },
    "prefer-stable": true,
    "prefer-lowest": false,
    "platform": {
        "php": ">=7.1"
    },
    "platform-dev": []
}
